// !$*UTF8*$!
{
	archiveVersion = 1;
	classes = {
	};
	objectVersion = 46;
	objects = {

/* Begin PBXBuildFile section */
		C02828A01DA3C09700168A48 /* AppDelegate.swift in Sources */ = {isa = PBXBuildFile; fileRef = C028289F1DA3C09700168A48 /* AppDelegate.swift */; };
		C02828A51DA3C09700168A48 /* Main.storyboard in Resources */ = {isa = PBXBuildFile; fileRef = C02828A31DA3C09700168A48 /* Main.storyboard */; };
		C02828A71DA3C09700168A48 /* Assets.xcassets in Resources */ = {isa = PBXBuildFile; fileRef = C02828A61DA3C09700168A48 /* Assets.xcassets */; };
		C02828AA1DA3C09700168A48 /* LaunchScreen.storyboard in Resources */ = {isa = PBXBuildFile; fileRef = C02828A81DA3C09700168A48 /* LaunchScreen.storyboard */; };
		C02828B21DA3C0A500168A48 /* MoviesViewController.swift in Sources */ = {isa = PBXBuildFile; fileRef = C02828B11DA3C0A500168A48 /* MoviesViewController.swift */; };
		C02828B41DA3C0B200168A48 /* MovieDetailsViewController.swift in Sources */ = {isa = PBXBuildFile; fileRef = C02828B31DA3C0B200168A48 /* MovieDetailsViewController.swift */; };
		C02828B61DA3C2DC00168A48 /* movies.tsv in Resources */ = {isa = PBXBuildFile; fileRef = C02828B51DA3C2DC00168A48 /* movies.tsv */; };
		C0F8EF6B1DA7AFE200318523 /* FMDatabase.m in Sources */ = {isa = PBXBuildFile; fileRef = C0F8EF611DA7AFE200318523 /* FMDatabase.m */; };
		C0F8EF6C1DA7AFE200318523 /* FMDatabaseAdditions.m in Sources */ = {isa = PBXBuildFile; fileRef = C0F8EF631DA7AFE200318523 /* FMDatabaseAdditions.m */; };
		C0F8EF6D1DA7AFE200318523 /* FMDatabasePool.m in Sources */ = {isa = PBXBuildFile; fileRef = C0F8EF651DA7AFE200318523 /* FMDatabasePool.m */; };
		C0F8EF6E1DA7AFE200318523 /* FMDatabaseQueue.m in Sources */ = {isa = PBXBuildFile; fileRef = C0F8EF671DA7AFE200318523 /* FMDatabaseQueue.m */; };
		C0F8EF6F1DA7AFE200318523 /* FMResultSet.m in Sources */ = {isa = PBXBuildFile; fileRef = C0F8EF6A1DA7AFE200318523 /* FMResultSet.m */; };
		C0F8EF711DA7B34D00318523 /* DBManager.swift in Sources */ = {isa = PBXBuildFile; fileRef = C0F8EF701DA7B34D00318523 /* DBManager.swift */; };
		C0F8EF741DA7C28800318523 /* libsqlite3.tbd in Frameworks */ = {isa = PBXBuildFile; fileRef = C0F8EF731DA7C28800318523 /* libsqlite3.tbd */; };
/* End PBXBuildFile section */

/* Begin PBXFileReference section */
		C028289C1DA3C09700168A48 /* FMDBTut.app */ = {isa = PBXFileReference; explicitFileType = wrapper.application; includeInIndex = 0; path = FMDBTut.app; sourceTree = BUILT_PRODUCTS_DIR; };
		C028289F1DA3C09700168A48 /* AppDelegate.swift */ = {isa = PBXFileReference; lastKnownFileType = sourcecode.swift; path = AppDelegate.swift; sourceTree = "<group>"; };
		C02828A41DA3C09700168A48 /* Base */ = {isa = PBXFileReference; lastKnownFileType = file.storyboard; name = Base; path = Base.lproj/Main.storyboard; sourceTree = "<group>"; };
		C02828A61DA3C09700168A48 /* Assets.xcassets */ = {isa = PBXFileReference; lastKnownFileType = folder.assetcatalog; path = Assets.xcassets; sourceTree = "<group>"; };
		C02828A91DA3C09700168A48 /* Base */ = {isa = PBXFileReference; lastKnownFileType = file.storyboard; name = Base; path = Base.lproj/LaunchScreen.storyboard; sourceTree = "<group>"; };
		C02828AB1DA3C09700168A48 /* Info.plist */ = {isa = PBXFileReference; lastKnownFileType = text.plist.xml; path = Info.plist; sourceTree = "<group>"; };
		C02828B11DA3C0A500168A48 /* MoviesViewController.swift */ = {isa = PBXFileReference; fileEncoding = 4; lastKnownFileType = sourcecode.swift; path = MoviesViewController.swift; sourceTree = "<group>"; };
		C02828B31DA3C0B200168A48 /* MovieDetailsViewController.swift */ = {isa = PBXFileReference; fileEncoding = 4; lastKnownFileType = sourcecode.swift; path = MovieDetailsViewController.swift; sourceTree = "<group>"; };
		C02828B51DA3C2DC00168A48 /* movies.tsv */ = {isa = PBXFileReference; fileEncoding = 4; lastKnownFileType = text; path = movies.tsv; sourceTree = "<group>"; };
		C0F8EF5F1DA7AFE100318523 /* FMDBTut-Bridging-Header.h */ = {isa = PBXFileReference; lastKnownFileType = sourcecode.c.h; path = "FMDBTut-Bridging-Header.h"; sourceTree = "<group>"; };
		C0F8EF601DA7AFE200318523 /* FMDatabase.h */ = {isa = PBXFileReference; fileEncoding = 4; lastKnownFileType = sourcecode.c.h; path = FMDatabase.h; sourceTree = "<group>"; };
		C0F8EF611DA7AFE200318523 /* FMDatabase.m */ = {isa = PBXFileReference; fileEncoding = 4; lastKnownFileType = sourcecode.c.objc; path = FMDatabase.m; sourceTree = "<group>"; };
		C0F8EF621DA7AFE200318523 /* FMDatabaseAdditions.h */ = {isa = PBXFileReference; fileEncoding = 4; lastKnownFileType = sourcecode.c.h; path = FMDatabaseAdditions.h; sourceTree = "<group>"; };
		C0F8EF631DA7AFE200318523 /* FMDatabaseAdditions.m */ = {isa = PBXFileReference; fileEncoding = 4; lastKnownFileType = sourcecode.c.objc; path = FMDatabaseAdditions.m; sourceTree = "<group>"; };
		C0F8EF641DA7AFE200318523 /* FMDatabasePool.h */ = {isa = PBXFileReference; fileEncoding = 4; lastKnownFileType = sourcecode.c.h; path = FMDatabasePool.h; sourceTree = "<group>"; };
		C0F8EF651DA7AFE200318523 /* FMDatabasePool.m */ = {isa = PBXFileReference; fileEncoding = 4; lastKnownFileType = sourcecode.c.objc; path = FMDatabasePool.m; sourceTree = "<group>"; };
		C0F8EF661DA7AFE200318523 /* FMDatabaseQueue.h */ = {isa = PBXFileReference; fileEncoding = 4; lastKnownFileType = sourcecode.c.h; path = FMDatabaseQueue.h; sourceTree = "<group>"; };
		C0F8EF671DA7AFE200318523 /* FMDatabaseQueue.m */ = {isa = PBXFileReference; fileEncoding = 4; lastKnownFileType = sourcecode.c.objc; path = FMDatabaseQueue.m; sourceTree = "<group>"; };
		C0F8EF681DA7AFE200318523 /* FMDB.h */ = {isa = PBXFileReference; fileEncoding = 4; lastKnownFileType = sourcecode.c.h; path = FMDB.h; sourceTree = "<group>"; };
		C0F8EF691DA7AFE200318523 /* FMResultSet.h */ = {isa = PBXFileReference; fileEncoding = 4; lastKnownFileType = sourcecode.c.h; path = FMResultSet.h; sourceTree = "<group>"; };
		C0F8EF6A1DA7AFE200318523 /* FMResultSet.m */ = {isa = PBXFileReference; fileEncoding = 4; lastKnownFileType = sourcecode.c.objc; path = FMResultSet.m; sourceTree = "<group>"; };
		C0F8EF701DA7B34D00318523 /* DBManager.swift */ = {isa = PBXFileReference; fileEncoding = 4; lastKnownFileType = sourcecode.swift; path = DBManager.swift; sourceTree = "<group>"; };
		C0F8EF731DA7C28800318523 /* libsqlite3.tbd */ = {isa = PBXFileReference; lastKnownFileType = "sourcecode.text-based-dylib-definition"; name = libsqlite3.tbd; path = usr/lib/libsqlite3.tbd; sourceTree = SDKROOT; };
/* End PBXFileReference section */

/* Begin PBXFrameworksBuildPhase section */
		C02828991DA3C09700168A48 /* Frameworks */ = {
			isa = PBXFrameworksBuildPhase;
			buildActionMask = 2147483647;
			files = (
				C0F8EF741DA7C28800318523 /* libsqlite3.tbd in Frameworks */,
			);
			runOnlyForDeploymentPostprocessing = 0;
		};
/* End PBXFrameworksBuildPhase section */

/* Begin PBXGroup section */
		C02828931DA3C09700168A48 = {
			isa = PBXGroup;
			children = (
				C028289E1DA3C09700168A48 /* FMDBTut */,
				C028289D1DA3C09700168A48 /* Products */,
				C0F8EF721DA7C28800318523 /* Frameworks */,
			);
			sourceTree = "<group>";
		};
		C028289D1DA3C09700168A48 /* Products */ = {
			isa = PBXGroup;
			children = (
				C028289C1DA3C09700168A48 /* FMDBTut.app */,
			);
			name = Products;
			sourceTree = "<group>";
		};
		C028289E1DA3C09700168A48 /* FMDBTut */ = {
			isa = PBXGroup;
			children = (
				C0F8EF5E1DA7AF9B00318523 /* FMDB */,
				C0F8EF701DA7B34D00318523 /* DBManager.swift */,
				C028289F1DA3C09700168A48 /* AppDelegate.swift */,
				C02828B11DA3C0A500168A48 /* MoviesViewController.swift */,
				C02828B31DA3C0B200168A48 /* MovieDetailsViewController.swift */,
				C02828A31DA3C09700168A48 /* Main.storyboard */,
				C02828A61DA3C09700168A48 /* Assets.xcassets */,
				C02828A81DA3C09700168A48 /* LaunchScreen.storyboard */,
				C02828AB1DA3C09700168A48 /* Info.plist */,
				C02828B51DA3C2DC00168A48 /* movies.tsv */,
			);
			path = FMDBTut;
			sourceTree = "<group>";
		};
		C0F8EF5E1DA7AF9B00318523 /* FMDB */ = {
			isa = PBXGroup;
			children = (
				C0F8EF601DA7AFE200318523 /* FMDatabase.h */,
				C0F8EF611DA7AFE200318523 /* FMDatabase.m */,
				C0F8EF621DA7AFE200318523 /* FMDatabaseAdditions.h */,
				C0F8EF631DA7AFE200318523 /* FMDatabaseAdditions.m */,
				C0F8EF641DA7AFE200318523 /* FMDatabasePool.h */,
				C0F8EF651DA7AFE200318523 /* FMDatabasePool.m */,
				C0F8EF661DA7AFE200318523 /* FMDatabaseQueue.h */,
				C0F8EF671DA7AFE200318523 /* FMDatabaseQueue.m */,
				C0F8EF681DA7AFE200318523 /* FMDB.h */,
				C0F8EF691DA7AFE200318523 /* FMResultSet.h */,
				C0F8EF6A1DA7AFE200318523 /* FMResultSet.m */,
				C0F8EF5F1DA7AFE100318523 /* FMDBTut-Bridging-Header.h */,
			);
			name = FMDB;
			sourceTree = "<group>";
		};
		C0F8EF721DA7C28800318523 /* Frameworks */ = {
			isa = PBXGroup;
			children = (
				C0F8EF731DA7C28800318523 /* libsqlite3.tbd */,
			);
			name = Frameworks;
			sourceTree = "<group>";
		};
/* End PBXGroup section */

/* Begin PBXNativeTarget section */
		C028289B1DA3C09700168A48 /* FMDBTut */ = {
			isa = PBXNativeTarget;
			buildConfigurationList = C02828AE1DA3C09700168A48 /* Build configuration list for PBXNativeTarget "FMDBTut" */;
			buildPhases = (
				C02828981DA3C09700168A48 /* Sources */,
				C02828991DA3C09700168A48 /* Frameworks */,
				C028289A1DA3C09700168A48 /* Resources */,
			);
			buildRules = (
			);
			dependencies = (
			);
			name = FMDBTut;
			productName = FMDBTut;
			productReference = C028289C1DA3C09700168A48 /* FMDBTut.app */;
			productType = "com.apple.product-type.application";
		};
/* End PBXNativeTarget section */

/* Begin PBXProject section */
		C02828941DA3C09700168A48 /* Project object */ = {
			isa = PBXProject;
			attributes = {
				LastSwiftUpdateCheck = 0800;
				LastUpgradeCheck = 0800;
				ORGANIZATIONNAME = Appcoda;
				TargetAttributes = {
					C028289B1DA3C09700168A48 = {
						CreatedOnToolsVersion = 8.0;
						LastSwiftMigration = 0800;
						ProvisioningStyle = Automatic;
					};
				};
			};
			buildConfigurationList = C02828971DA3C09700168A48 /* Build configuration list for PBXProject "FMDBTut" */;
			compatibilityVersion = "Xcode 3.2";
			developmentRegion = English;
			hasScannedForEncodings = 0;
			knownRegions = (
				en,
				Base,
			);
			mainGroup = C02828931DA3C09700168A48;
			productRefGroup = C028289D1DA3C09700168A48 /* Products */;
			projectDirPath = "";
			projectRoot = "";
			targets = (
				C028289B1DA3C09700168A48 /* FMDBTut */,
			);
		};
/* End PBXProject section */

/* Begin PBXResourcesBuildPhase section */
		C028289A1DA3C09700168A48 /* Resources */ = {
			isa = PBXResourcesBuildPhase;
			buildActionMask = 2147483647;
			files = (
				C02828B61DA3C2DC00168A48 /* movies.tsv in Resources */,
				C02828AA1DA3C09700168A48 /* LaunchScreen.storyboard in Resources */,
				C02828A71DA3C09700168A48 /* Assets.xcassets in Resources */,
				C02828A51DA3C09700168A48 /* Main.storyboard in Resources */,
			);
			runOnlyForDeploymentPostprocessing = 0;
		};
/* End PBXResourcesBuildPhase section */

/* Begin PBXSourcesBuildPhase section */
		C02828981DA3C09700168A48 /* Sources */ = {
			isa = PBXSourcesBuildPhase;
			buildActionMask = 2147483647;
			files = (
				C02828B41DA3C0B200168A48 /* MovieDetailsViewController.swift in Sources */,
				C0F8EF6D1DA7AFE200318523 /* FMDatabasePool.m in Sources */,
				C02828A01DA3C09700168A48 /* AppDelegate.swift in Sources */,
				C0F8EF6E1DA7AFE200318523 /* FMDatabaseQueue.m in Sources */,
				C0F8EF711DA7B34D00318523 /* DBManager.swift in Sources */,
				C02828B21DA3C0A500168A48 /* MoviesViewController.swift in Sources */,
				C0F8EF6B1DA7AFE200318523 /* FMDatabase.m in Sources */,
				C0F8EF6F1DA7AFE200318523 /* FMResultSet.m in Sources */,
				C0F8EF6C1DA7AFE200318523 /* FMDatabaseAdditions.m in Sources */,
			);
			runOnlyForDeploymentPostprocessing = 0;
		};
/* End PBXSourcesBuildPhase section */

/* Begin PBXVariantGroup section */
		C02828A31DA3C09700168A48 /* Main.storyboard */ = {
			isa = PBXVariantGroup;
			children = (
				C02828A41DA3C09700168A48 /* Base */,
			);
			name = Main.storyboard;
			sourceTree = "<group>";
		};
		C02828A81DA3C09700168A48 /* LaunchScreen.storyboard */ = {
			isa = PBXVariantGroup;
			children = (
				C02828A91DA3C09700168A48 /* Base */,
			);
			name = LaunchScreen.storyboard;
			sourceTree = "<group>";
		};
/* End PBXVariantGroup section */

/* Begin XCBuildConfiguration section */
		C02828AC1DA3C09700168A48 /* Debug */ = {
			isa = XCBuildConfiguration;
			buildSettings = {
				ALWAYS_SEARCH_USER_PATHS = NO;
				CLANG_ANALYZER_NONNULL = YES;
				CLANG_CXX_LANGUAGE_STANDARD = "gnu++0x";
				CLANG_CXX_LIBRARY = "libc++";
				CLANG_ENABLE_MODULES = YES;
				CLANG_ENABLE_OBJC_ARC = YES;
				CLANG_WARN_BOOL_CONVERSION = YES;
				CLANG_WARN_CONSTANT_CONVERSION = YES;
				CLANG_WARN_DIRECT_OBJC_ISA_USAGE = YES_ERROR;
				CLANG_WARN_DOCUMENTATION_COMMENTS = YES;
				CLANG_WARN_EMPTY_BODY = YES;
				CLANG_WARN_ENUM_CONVERSION = YES;
				CLANG_WARN_INFINITE_RECURSION = YES;
				CLANG_WARN_INT_CONVERSION = YES;
				CLANG_WARN_OBJC_ROOT_CLASS = YES_ERROR;
				CLANG_WARN_SUSPICIOUS_MOVES = YES;
				CLANG_WARN_UNREACHABLE_CODE = YES;
				CLANG_WARN__DUPLICATE_METHOD_MATCH = YES;
				"CODE_SIGN_IDENTITY[sdk=iphoneos*]" = "iPhone Developer";
				COPY_PHASE_STRIP = NO;
				DEBUG_INFORMATION_FORMAT = dwarf;
				ENABLE_STRICT_OBJC_MSGSEND = YES;
				ENABLE_TESTABILITY = YES;
				GCC_C_LANGUAGE_STANDARD = gnu99;
				GCC_DYNAMIC_NO_PIC = NO;
				GCC_NO_COMMON_BLOCKS = YES;
				GCC_OPTIMIZATION_LEVEL = 0;
				GCC_PREPROCESSOR_DEFINITIONS = (
					"DEBUG=1",
					"$(inherited)",
				);
				GCC_WARN_64_TO_32_BIT_CONVERSION = YES;
				GCC_WARN_ABOUT_RETURN_TYPE = YES_ERROR;
				GCC_WARN_UNDECLARED_SELECTOR = YES;
				GCC_WARN_UNINITIALIZED_AUTOS = YES_AGGRESSIVE;
				GCC_WARN_UNUSED_FUNCTION = YES;
				GCC_WARN_UNUSED_VARIABLE = YES;
				IPHONEOS_DEPLOYMENT_TARGET = 10.0;
				MTL_ENABLE_DEBUG_INFO = YES;
				ONLY_ACTIVE_ARCH = YES;
				SDKROOT = iphoneos;
				SWIFT_ACTIVE_COMPILATION_CONDITIONS = DEBUG;
				SWIFT_OPTIMIZATION_LEVEL = "-Onone";
			};
			name = Debug;
		};
		C02828AD1DA3C09700168A48 /* Release */ = {
			isa = XCBuildConfiguration;
			buildSettings = {
				ALWAYS_SEARCH_USER_PATHS = NO;
				CLANG_ANALYZER_NONNULL = YES;
				CLANG_CXX_LANGUAGE_STANDARD = "gnu++0x";
				CLANG_CXX_LIBRARY = "libc++";
				CLANG_ENABLE_MODULES = YES;
				CLANG_ENABLE_OBJC_ARC = YES;
				CLANG_WARN_BOOL_CONVERSION = YES;
				CLANG_WARN_CONSTANT_CONVERSION = YES;
				CLANG_WARN_DIRECT_OBJC_ISA_USAGE = YES_ERROR;
				CLANG_WARN_DOCUMENTATION_COMMENTS = YES;
				CLANG_WARN_EMPTY_BODY = YES;
				CLANG_WARN_ENUM_CONVERSION = YES;
				CLANG_WARN_INFINITE_RECURSION = YES;
				CLANG_WARN_INT_CONVERSION = YES;
				CLANG_WARN_OBJC_ROOT_CLASS = YES_ERROR;
				CLANG_WARN_SUSPICIOUS_MOVES = YES;
				CLANG_WARN_UNREACHABLE_CODE = YES;
				CLANG_WARN__DUPLICATE_METHOD_MATCH = YES;
				"CODE_SIGN_IDENTITY[sdk=iphoneos*]" = "iPhone Developer";
				COPY_PHASE_STRIP = NO;
				DEBUG_INFORMATION_FORMAT = "dwarf-with-dsym";
				ENABLE_NS_ASSERTIONS = NO;
				ENABLE_STRICT_OBJC_MSGSEND = YES;
				GCC_C_LANGUAGE_STANDARD = gnu99;
				GCC_NO_COMMON_BLOCKS = YES;
				GCC_WARN_64_TO_32_BIT_CONVERSION = YES;
				GCC_WARN_ABOUT_RETURN_TYPE = YES_ERROR;
				GCC_WARN_UNDECLARED_SELECTOR = YES;
				GCC_WARN_UNINITIALIZED_AUTOS = YES_AGGRESSIVE;
				GCC_WARN_UNUSED_FUNCTION = YES;
				GCC_WARN_UNUSED_VARIABLE = YES;
				IPHONEOS_DEPLOYMENT_TARGET = 10.0;
				MTL_ENABLE_DEBUG_INFO = NO;
				SDKROOT = iphoneos;
				SWIFT_OPTIMIZATION_LEVEL = "-Owholemodule";
				VALIDATE_PRODUCT = YES;
			};
			name = Release;
		};
		C02828AF1DA3C09700168A48 /* Debug */ = {
			isa = XCBuildConfiguration;
			buildSettings = {
				ASSETCATALOG_COMPILER_APPICON_NAME = AppIcon;
				CLANG_ENABLE_MODULES = YES;
				INFOPLIST_FILE = FMDBTut/Info.plist;
				LD_RUNPATH_SEARCH_PATHS = "$(inherited) @executable_path/Frameworks";
				PRODUCT_BUNDLE_IDENTIFIER = com.appcoda.FMDBTut;
				PRODUCT_NAME = "$(TARGET_NAME)";
				SWIFT_OBJC_BRIDGING_HEADER = "FMDBTut/FMDBTut-Bridging-Header.h";
				SWIFT_OPTIMIZATION_LEVEL = "-Onone";
				SWIFT_VERSION = 3.0;
			};
			name = Debug;
		};
		C02828B01DA3C09700168A48 /* Release */ = {
			isa = XCBuildConfiguration;
			buildSettings = {
				ASSETCATALOG_COMPILER_APPICON_NAME = AppIcon;
				CLANG_ENABLE_MODULES = YES;
				INFOPLIST_FILE = FMDBTut/Info.plist;
				LD_RUNPATH_SEARCH_PATHS = "$(inherited) @executable_path/Frameworks";
				PRODUCT_BUNDLE_IDENTIFIER = com.appcoda.FMDBTut;
				PRODUCT_NAME = "$(TARGET_NAME)";
				SWIFT_OBJC_BRIDGING_HEADER = "FMDBTut/FMDBTut-Bridging-Header.h";
				SWIFT_VERSION = 3.0;
			};
			name = Release;
		};
/* End XCBuildConfiguration section */

/* Begin XCConfigurationList section */
		C02828971DA3C09700168A48 /* Build configuration list for PBXProject "FMDBTut" */ = {
			isa = XCConfigurationList;
			buildConfigurations = (
				C02828AC1DA3C09700168A48 /* Debug */,
				C02828AD1DA3C09700168A48 /* Release */,
			);
			defaultConfigurationIsVisible = 0;
			defaultConfigurationName = Release;
		};
		C02828AE1DA3C09700168A48 /* Build configuration list for PBXNativeTarget "FMDBTut" */ = {
			isa = XCConfigurationList;
			buildConfigurations = (
				C02828AF1DA3C09700168A48 /* Debug */,
				C02828B01DA3C09700168A48 /* Release */,
			);
			defaultConfigurationIsVisible = 0;
			defaultConfigurationName = Release;
		};
/* End XCConfigurationList section */
	};
	rootObject = C02828941DA3C09700168A48 /* Project object */;
}
